{
	"name": "@lunasec/server-common",
	"version": "0.0.1-alpha.9",
	"lockfileVersion": 2,
	"requires": true,
	"packages": {
		"": {
			"name": "@lunasec/server-common",
			"version": "1.0.0",
			"license": "MIT",
			"devDependencies": {
				"@types/node": "^14.11.8",
				"typescript": "^4.2.0"
			}
		},
		"node_modules/@types/node": {
			"version": "14.17.1",
			"resolved": "https://registry.npmjs.org/@types/node/-/node-14.17.1.tgz",
			"integrity": "sha512-/tpUyFD7meeooTRwl3sYlihx2BrJE7q9XF71EguPFIySj9B7qgnRtHsHTho+0AUm4m1SvWGm6uSncrR94q6Vtw==",
			"dev": true
		},
		"node_modules/typescript": {
			"version": "4.2.4",
			"resolved": "https://registry.npmjs.org/typescript/-/typescript-4.2.4.tgz",
			"integrity": "sha512-V+evlYHZnQkaz8TRBuxTA92yZBPotr5H+WhQ7bD3hZUndx5tGOa1fuCgeSjxAzM1RiN5IzvadIXTVefuuwZCRg==",
			"dev": true,
			"bin": {
				"tsc": "bin/tsc",
				"tsserver": "bin/tsserver"
			},
			"engines": {
				"node": ">=4.2.0"
			}
		}
	},
	"dependencies": {
		"@types/node": {
			"version": "14.17.1",
			"resolved": "https://registry.npmjs.org/@types/node/-/node-14.17.1.tgz",
			"integrity": "sha512-/tpUyFD7meeooTRwl3sYlihx2BrJE7q9XF71EguPFIySj9B7qgnRtHsHTho+0AUm4m1SvWGm6uSncrR94q6Vtw==",
			"dev": true
		},
		"typescript": {
			"version": "4.2.4",
			"resolved": "https://registry.npmjs.org/typescript/-/typescript-4.2.4.tgz",
			"integrity": "sha512-V+evlYHZnQkaz8TRBuxTA92yZBPotr5H+WhQ7bD3hZUndx5tGOa1fuCgeSjxAzM1RiN5IzvadIXTVefuuwZCRg==",
			"dev": true
		}
	}
}
