{
  "name": "@lunasec/services-common",
  "version": "1.0.0",
  "lockfileVersion": 2,
  "requires": true,
  "packages": {
    "": {
      "name": "@lunasec/services-common",
      "version": "1.0.0",
      "license": "MIT",
      "dependencies": {
        "@types/node": "^14.11.8"
      },
      "devDependencies": {
        "typescript": "^4.2.0"
      }
    },
    "node_modules/@types/node": {
      "version": "14.14.43",
      "resolved": "https://registry.npmjs.org/@types/node/-/node-14.14.43.tgz",
      "integrity": "sha512-3pwDJjp1PWacPTpH0LcfhgjvurQvrZFBrC6xxjaUEZ7ifUtT32jtjPxEMMblpqd2Mvx+k8haqQJLQxolyGN/cQ=="
    },
    "node_modules/typescript": {
      "version": "4.2.4",
      "resolved": "https://registry.npmjs.org/typescript/-/typescript-4.2.4.tgz",
      "integrity": "sha512-V+evlYHZnQkaz8TRBuxTA92yZBPotr5H+WhQ7bD3hZUndx5tGOa1fuCgeSjxAzM1RiN5IzvadIXTVefuuwZCRg==",
      "dev": true,
      "bin": {
        "tsc": "bin/tsc",
        "tsserver": "bin/tsserver"
      },
      "engines": {
        "node": ">=4.2.0"
      }
    }
  },
  "dependencies": {
    "@types/node": {
      "version": "14.14.43",
      "resolved": "https://registry.npmjs.org/@types/node/-/node-14.14.43.tgz",
      "integrity": "sha512-3pwDJjp1PWacPTpH0LcfhgjvurQvrZFBrC6xxjaUEZ7ifUtT32jtjPxEMMblpqd2Mvx+k8haqQJLQxolyGN/cQ=="
    },
    "typescript": {
      "version": "4.2.4",
      "resolved": "https://registry.npmjs.org/typescript/-/typescript-4.2.4.tgz",
      "integrity": "sha512-V+evlYHZnQkaz8TRBuxTA92yZBPotr5H+WhQ7bD3hZUndx5tGOa1fuCgeSjxAzM1RiN5IzvadIXTVefuuwZCRg==",
      "dev": true
    }
  }
}
